# This file is autogenerated, do not edit; changes may be undone by the next 'dep ensure'.


[[projects]]
  name = "github.com/beorn7/perks"
  packages = ["quantile"]
  revision = "37c8de3658fcb183f997c4e13e8337516ab753e6"
  version = "v1.0.1"

[[projects]]
  name = "github.com/go-sql-driver/mysql"
  packages = ["."]
  revision = "17ef3dd9d98b69acec3e85878995ada9533a9370"
  version = "v1.5.0"

[[projects]]
  name = "github.com/golang/protobuf"
  packages = ["proto","ptypes","ptypes/any","ptypes/duration","ptypes/timestamp"]
  revision = "d04d7b157bb510b1e0c10132224b616ac0e26b17"
  version = "v1.4.2"

[[projects]]
  name = "github.com/matttproud/golang_protobuf_extensions"
  packages = ["pbutil"]
  revision = "c12348ce28de40eed0136aa2b644d0ee0650e56c"
  version = "v1.0.1"

[[projects]]
  name = "github.com/opentracing/opentracing-go"
  packages = [".","log"]
  revision = "659c90643e714681897ec2521c60567dd21da733"
  version = "v1.1.0"

[[projects]]
  name = "github.com/prometheus/client_golang"
  packages = ["prometheus","prometheus/internal","prometheus/promhttp"]
  revision = "170205fb58decfd011f1550d4cfb737230d7ae4f"
  version = "v1.1.0"

[[projects]]
  name = "github.com/prometheus/client_model"
  packages = ["go"]
  revision = "7bc5445566f0fe75b15de23e6b93886e982d7bf9"
  version = "v0.2.0"

[[projects]]
  name = "github.com/prometheus/common"
  packages = ["expfmt","internal/bitbucket.org/ww/goautoneg","model"]
  revision = "6162074431988128c0a63a91ed22b11685777868"
  version = "v0.10.0"

[[projects]]
  name = "github.com/prometheus/procfs"
  packages = [".","internal/fs","internal/util"]
  revision = "9d2ce6b66e29005fbf51122f14a354308d5d57b2"
  version = "v0.1.1"

[[projects]]
  branch = "master"
  name = "golang.org/x/net"
  packages = ["http/httpguts","http2","http2/hpack","idna","internal/timeseries","trace"]
  revision = "627f9648deb96c27737b83199d44bb5c1010cbcf"

[[projects]]
  branch = "master"
  name = "golang.org/x/sys"
  packages = ["internal/unsafeheader","unix","windows"]
  revision = "226ff32320da7b90d0b5bc2365f4e359c466fb78"

[[projects]]
  name = "golang.org/x/text"
  packages = ["collate","collate/build","internal/colltab","internal/gen","internal/language","internal/language/compact","internal/tag","internal/triegen","internal/ucd","language","secure/bidirule","transform","unicode/bidi","unicode/cldr","unicode/norm","unicode/rangetable"]
  revision = "342b2e1fbaa52c93f31447ad2c6abc048c63e475"
  version = "v0.3.2"

[[projects]]
  branch = "master"
  name = "google.golang.org/genproto"
  packages = ["googleapis/rpc/status"]
  revision = "44ba362f84c10c5cbc73633f05fc5d72b18554fb"

[[projects]]
  name = "google.golang.org/grpc"
  packages = [".","attributes","backoff","balancer","balancer/base","balancer/roundrobin","binarylog/grpc_binarylog_v1","codes","connectivity","credentials","credentials/internal","encoding","encoding/proto","grpclog","internal","internal/backoff","internal/balancerload","internal/binarylog","internal/buffer","internal/channelz","internal/envconfig","internal/grpclog","internal/grpcrand","internal/grpcsync","internal/grpcutil","internal/resolver/dns","internal/resolver/passthrough","internal/status","internal/syscall","internal/transport","keepalive","metadata","naming","peer","resolver","serviceconfig","stats","status","tap"]
  revision = "754ee590a4f386d0910d887f3b8776354042260b"
  version = "v1.29.1"

[[projects]]
  name = "google.golang.org/protobuf"
  packages = ["encoding/prototext","encoding/protowire","internal/descfmt","internal/descopts","internal/detrand","internal/encoding/defval","internal/encoding/messageset","internal/encoding/tag","internal/encoding/text","internal/errors","internal/fieldnum","internal/fieldsort","internal/filedesc","internal/filetype","internal/flags","internal/genname","internal/impl","internal/mapsort","internal/pragma","internal/set","internal/strs","internal/version","proto","reflect/protoreflect","reflect/protoregistry","runtime/protoiface","runtime/protoimpl","types/known/anypb","types/known/durationpb","types/known/timestamppb"]
  revision = "5c3dd7024aed895adfe053f26b5a479e991cbca9"
  version = "v1.24.0"

[[projects]]
  branch = "newgen"
  name = "gopkg.qsoa.cloud/service"
  packages = [".","qgrpc","qhttp","qmysql","qmysql/internal/pb"]
  revision = "72b78529f86d380b5b043a5dfa05e49259e84cfe"

[[projects]]
  branch = "master"
  name = "gopkg.qsoa.cloud/tracer"
  packages = ["."]
  revision = "ec99e515bfee49e4e1aa1bb1fdd80a756b51c5a4"

[solve-meta]
  analyzer-name = "dep"
  analyzer-version = 1
  inputs-digest = "83ad6eb223d4dd510709bf737e2ccaabb654fc1f345c487bf31f8a79c6a3363d"
  solver-name = "gps-cdcl"
  solver-version = 1
